
Microsoft Visual Studio Solution File, Format Version 12.00
# Visual Studio Version 16
VisualStudioVersion = 16.0.31624.102
MinimumVisualStudioVersion = 10.0.40219.1
Project("{FAE04EC0-301F-11D3-BF4B-00C04F79EFBC}") = "S5_UESAN_JQUERYMVCEF.DatabaseFirst", "S5_UESAN_JQUERYMVCEF.DatabaseFirst\S5_UESAN_JQUERYMVCEF.DatabaseFirst.csproj", "{DD909AB1-856A-4857-AB81-40616248799B}"
EndProject
Global
	GlobalSection(SolutionConfigurationPlatforms) = preSolution
		Debug|Any CPU = Debug|Any CPU
		Release|Any CPU = Release|Any CPU
	EndGlobalSection
	GlobalSection(ProjectConfigurationPlatforms) = postSolution
		{DD909AB1-856A-4857-AB81-40616248799B}.Debug|Any CPU.ActiveCfg = Debug|Any CPU
		{DD909AB1-856A-4857-AB81-40616248799B}.Debug|Any CPU.Build.0 = Debug|Any CPU
		{DD909AB1-856A-4857-AB81-40616248799B}.Release|Any CPU.ActiveCfg = Release|Any CPU
		{DD909AB1-856A-4857-AB81-40616248799B}.Release|Any CPU.Build.0 = Release|Any CPU
	EndGlobalSection
	GlobalSection(SolutionProperties) = preSolution
		HideSolutionNode = FALSE
	EndGlobalSection
	GlobalSection(ExtensibilityGlobals) = postSolution
		SolutionGuid = {B8844646-6B95-413D-A307-ED4CDEE5BC96}
	EndGlobalSection
EndGlobal
